{
  "name": "wordpress-kunta-api-gutenberg-migrator",
  "version": "1.0.0",
  "lockfileVersion": 2,
  "requires": true,
  "packages": {
    "": {
      "name": "wordpress-kunta-api-gutenberg-migrator",
      "version": "1.0.0",
      "license": "ISC",
      "dependencies": {
        "@wordpress/block-serialization-default-parser": "^4.6.0"
      },
      "devDependencies": {
        "@types/jquery": "^3.5.14",
        "@types/node": "^17.0.25",
        "@types/wordpress__block-serialization-default-parser": "^3.2.1",
        "typescript": "^4.6.3"
      }
    },
    "node_modules/@babel/runtime": {
      "version": "7.17.9",
      "resolved": "https://registry.npmjs.org/@babel/runtime/-/runtime-7.17.9.tgz",
      "integrity": "sha512-lSiBBvodq29uShpWGNbgFdKYNiFDo5/HIYsaCEY9ff4sb10x9jizo2+pRrSyF4jKZCXqgzuqBOQKbUm90gQwJg==",
      "dependencies": {
        "regenerator-runtime": "^0.13.4"
      },
      "engines": {
        "node": ">=6.9.0"
      }
    },
    "node_modules/@types/jquery": {
      "version": "3.5.14",
      "resolved": "https://registry.npmjs.org/@types/jquery/-/jquery-3.5.14.tgz",
      "integrity": "sha512-X1gtMRMbziVQkErhTQmSe2jFwwENA/Zr+PprCkF63vFq+Yt5PZ4AlKqgmeNlwgn7dhsXEK888eIW2520EpC+xg==",
      "dev": true,
      "dependencies": {
        "@types/sizzle": "*"
      }
    },
    "node_modules/@types/node": {
      "version": "17.0.25",
      "resolved": "https://registry.npmjs.org/@types/node/-/node-17.0.25.tgz",
      "integrity": "sha512-wANk6fBrUwdpY4isjWrKTufkrXdu1D2YHCot2fD/DfWxF5sMrVSA+KN7ydckvaTCh0HiqX9IVl0L5/ZoXg5M7w==",
      "dev": true
    },
    "node_modules/@types/sizzle": {
      "version": "2.3.3",
      "resolved": "https://registry.npmjs.org/@types/sizzle/-/sizzle-2.3.3.tgz",
      "integrity": "sha512-JYM8x9EGF163bEyhdJBpR2QX1R5naCJHC8ucJylJ3w9/CVBaskdQ8WqBf8MmQrd1kRvp/a4TS8HJ+bxzR7ZJYQ==",
      "dev": true
    },
    "node_modules/@types/wordpress__block-serialization-default-parser": {
      "version": "3.2.1",
      "resolved": "https://registry.npmjs.org/@types/wordpress__block-serialization-default-parser/-/wordpress__block-serialization-default-parser-3.2.1.tgz",
      "integrity": "sha512-qbeBeTFZUU/NnBLyowlxy6bu0/+bHbYNFdyr/EbvOoEQ0RK7pGyOrRw0OuPkgzPaoL/KHs8dp2eaSODHwxBkIQ==",
      "dev": true,
      "dependencies": {
        "@types/wordpress__block-serialization-spec-parser": "*"
      }
    },
    "node_modules/@types/wordpress__block-serialization-spec-parser": {
      "version": "3.1.1",
      "resolved": "https://registry.npmjs.org/@types/wordpress__block-serialization-spec-parser/-/wordpress__block-serialization-spec-parser-3.1.1.tgz",
      "integrity": "sha512-IyK0QrC4aDGhLlSkA80AK9CWsF/AHamUoigiP4ZpbfXcbX12eUTifYBQQg462HU5yPAdcqtMIMSWmXOjUH6H4A==",
      "dev": true
    },
    "node_modules/@wordpress/block-serialization-default-parser": {
      "version": "4.6.0",
      "resolved": "https://registry.npmjs.org/@wordpress/block-serialization-default-parser/-/block-serialization-default-parser-4.6.0.tgz",
      "integrity": "sha512-a/W6XyYxoWLlIOZhmHINC9HrMbqEdOElm5OVDzRtlSLpeafWxc/iLub5cxj2jTxX5Befi4fV0JzTD/waPl5P/Q==",
      "dependencies": {
        "@babel/runtime": "^7.16.0"
      },
      "engines": {
        "node": ">=12"
      }
    },
    "node_modules/regenerator-runtime": {
      "version": "0.13.9",
      "resolved": "https://registry.npmjs.org/regenerator-runtime/-/regenerator-runtime-0.13.9.tgz",
      "integrity": "sha512-p3VT+cOEgxFsRRA9X4lkI1E+k2/CtnKtU4gcxyaCUreilL/vqI6CdZ3wxVUx3UOUg+gnUOQQcRI7BmSI656MYA=="
    },
    "node_modules/typescript": {
      "version": "4.6.3",
      "resolved": "https://registry.npmjs.org/typescript/-/typescript-4.6.3.tgz",
      "integrity": "sha512-yNIatDa5iaofVozS/uQJEl3JRWLKKGJKh6Yaiv0GLGSuhpFJe7P3SbHZ8/yjAHRQwKRoA6YZqlfjXWmVzoVSMw==",
      "dev": true,
      "bin": {
        "tsc": "bin/tsc",
        "tsserver": "bin/tsserver"
      },
      "engines": {
        "node": ">=4.2.0"
      }
    }
  },
  "dependencies": {
    "@babel/runtime": {
      "version": "7.17.9",
      "resolved": "https://registry.npmjs.org/@babel/runtime/-/runtime-7.17.9.tgz",
      "integrity": "sha512-lSiBBvodq29uShpWGNbgFdKYNiFDo5/HIYsaCEY9ff4sb10x9jizo2+pRrSyF4jKZCXqgzuqBOQKbUm90gQwJg==",
      "requires": {
        "regenerator-runtime": "^0.13.4"
      }
    },
    "@types/jquery": {
      "version": "3.5.14",
      "resolved": "https://registry.npmjs.org/@types/jquery/-/jquery-3.5.14.tgz",
      "integrity": "sha512-X1gtMRMbziVQkErhTQmSe2jFwwENA/Zr+PprCkF63vFq+Yt5PZ4AlKqgmeNlwgn7dhsXEK888eIW2520EpC+xg==",
      "dev": true,
      "requires": {
        "@types/sizzle": "*"
      }
    },
    "@types/node": {
      "version": "17.0.25",
      "resolved": "https://registry.npmjs.org/@types/node/-/node-17.0.25.tgz",
      "integrity": "sha512-wANk6fBrUwdpY4isjWrKTufkrXdu1D2YHCot2fD/DfWxF5sMrVSA+KN7ydckvaTCh0HiqX9IVl0L5/ZoXg5M7w==",
      "dev": true
    },
    "@types/sizzle": {
      "version": "2.3.3",
      "resolved": "https://registry.npmjs.org/@types/sizzle/-/sizzle-2.3.3.tgz",
      "integrity": "sha512-JYM8x9EGF163bEyhdJBpR2QX1R5naCJHC8ucJylJ3w9/CVBaskdQ8WqBf8MmQrd1kRvp/a4TS8HJ+bxzR7ZJYQ==",
      "dev": true
    },
    "@types/wordpress__block-serialization-default-parser": {
      "version": "3.2.1",
      "resolved": "https://registry.npmjs.org/@types/wordpress__block-serialization-default-parser/-/wordpress__block-serialization-default-parser-3.2.1.tgz",
      "integrity": "sha512-qbeBeTFZUU/NnBLyowlxy6bu0/+bHbYNFdyr/EbvOoEQ0RK7pGyOrRw0OuPkgzPaoL/KHs8dp2eaSODHwxBkIQ==",
      "dev": true,
      "requires": {
        "@types/wordpress__block-serialization-spec-parser": "*"
      }
    },
    "@types/wordpress__block-serialization-spec-parser": {
      "version": "3.1.1",
      "resolved": "https://registry.npmjs.org/@types/wordpress__block-serialization-spec-parser/-/wordpress__block-serialization-spec-parser-3.1.1.tgz",
      "integrity": "sha512-IyK0QrC4aDGhLlSkA80AK9CWsF/AHamUoigiP4ZpbfXcbX12eUTifYBQQg462HU5yPAdcqtMIMSWmXOjUH6H4A==",
      "dev": true
    },
    "@wordpress/block-serialization-default-parser": {
      "version": "4.6.0",
      "resolved": "https://registry.npmjs.org/@wordpress/block-serialization-default-parser/-/block-serialization-default-parser-4.6.0.tgz",
      "integrity": "sha512-a/W6XyYxoWLlIOZhmHINC9HrMbqEdOElm5OVDzRtlSLpeafWxc/iLub5cxj2jTxX5Befi4fV0JzTD/waPl5P/Q==",
      "requires": {
        "@babel/runtime": "^7.16.0"
      }
    },
    "regenerator-runtime": {
      "version": "0.13.9",
      "resolved": "https://registry.npmjs.org/regenerator-runtime/-/regenerator-runtime-0.13.9.tgz",
      "integrity": "sha512-p3VT+cOEgxFsRRA9X4lkI1E+k2/CtnKtU4gcxyaCUreilL/vqI6CdZ3wxVUx3UOUg+gnUOQQcRI7BmSI656MYA=="
    },
    "typescript": {
      "version": "4.6.3",
      "resolved": "https://registry.npmjs.org/typescript/-/typescript-4.6.3.tgz",
      "integrity": "sha512-yNIatDa5iaofVozS/uQJEl3JRWLKKGJKh6Yaiv0GLGSuhpFJe7P3SbHZ8/yjAHRQwKRoA6YZqlfjXWmVzoVSMw==",
      "dev": true
    }
  }
}
